dependencies:
  espressif/zlib:
    component_hash: 64ea2fd6754c5a05951f1ddb312ac835cd782e68cb5bd9dfcd1c3a107c8fbfbc
    dependencies:
    - name: idf
      require: private
      version: '>=4.4'
    source:
      registry_url: https://components.espressif.com
      type: service
    version: 1.3.2
  idf:
    source:
      type: idf
    version: 5.3.4
  lvgl/lvgl:
    component_hash: b702d642e03e95928046d5c6726558e6444e112420c77efa5fdb6650b0a13c5d
    dependencies: []
    source:
      registry_url: https://components.espressif.com/
      type: service
    version: 9.3.0
  ningzixi/weather:
    component_hash: cba903a06f8e9a30d7def18c5ba7313fa8689e746ff3239f387a164ce5e0d3dc
    dependencies:
    - name: espressif/zlib
      registry_url: https://components.espressif.com
      require: private
      version: ^1.3.1
    - name: idf
      require: private
      version: '>=5.3.1'
    source:
      registry_url: https://components.espressif.com/
      type: service
    version: 1.1.2
direct_dependencies:
- idf
- lvgl/lvgl
- ningzixi/weather
manifest_hash: e803e4b6cacc59163fa37293866b6e738ae40c5d8e449d630ba22a7c98bbff1b
target: esp32s3
version: 2.0.0
