dependencies:
  abobija/rc522:
    component_hash: 041887e58a81f8261aa370bd5f62b54edfe0396e226fb565ae14ce41af0ad891
    dependencies:
    - name: idf
      require: private
      version: ^5.0
    source:
      registry_url: https://components.espressif.com/
      type: service
    version: 3.4.3
  idf:
    source:
      type: idf
    version: 5.3.4
direct_dependencies:
- abobija/rc522
- idf
manifest_hash: df1dccec2611d396e3bc546f43f2351909077d91ed1a824a13528464b2a60542
target: esp32c3
version: 2.0.0
